
Microsoft Visual Studio Solution File, Format Version 12.00
# Visual Studio Version 17
VisualStudioVersion = 17.10.34814.14
MinimumVisualStudioVersion = 10.0.40219.1
Project("{9A19103F-16F7-4668-BE54-9A1E7A4F7556}") = "Groffe.Distancias", "Groffe.Distancias.csproj", "{E270FA7A-F049-4C3E-83E2-48AFFF975EEF}"
EndProject
Project("{FAE04EC0-301F-11D3-BF4B-00C04F79EFBC}") = "Groffe.Distancias.Testes", "..\Groffe.Distancias.Testes\Groffe.Distancias.Testes.csproj", "{77A7D5EC-245C-4F8D-A03D-2310E0912885}"
EndProject
Global
	GlobalSection(SolutionConfigurationPlatforms) = preSolution
		Debug|Any CPU = Debug|Any CPU
		Release|Any CPU = Release|Any CPU
	EndGlobalSection
	GlobalSection(ProjectConfigurationPlatforms) = postSolution
		{E270FA7A-F049-4C3E-83E2-48AFFF975EEF}.Debug|Any CPU.ActiveCfg = Debug|Any CPU
		{E270FA7A-F049-4C3E-83E2-48AFFF975EEF}.Debug|Any CPU.Build.0 = Debug|Any CPU
		{E270FA7A-F049-4C3E-83E2-48AFFF975EEF}.Release|Any CPU.ActiveCfg = Release|Any CPU
		{E270FA7A-F049-4C3E-83E2-48AFFF975EEF}.Release|Any CPU.Build.0 = Release|Any CPU
		{77A7D5EC-245C-4F8D-A03D-2310E0912885}.Debug|Any CPU.ActiveCfg = Debug|Any CPU
		{77A7D5EC-245C-4F8D-A03D-2310E0912885}.Debug|Any CPU.Build.0 = Debug|Any CPU
		{77A7D5EC-245C-4F8D-A03D-2310E0912885}.Release|Any CPU.ActiveCfg = Release|Any CPU
		{77A7D5EC-245C-4F8D-A03D-2310E0912885}.Release|Any CPU.Build.0 = Release|Any CPU
	EndGlobalSection
	GlobalSection(SolutionProperties) = preSolution
		HideSolutionNode = FALSE
	EndGlobalSection
	GlobalSection(ExtensibilityGlobals) = postSolution
		SolutionGuid = {7795F591-E648-46B9-8485-62B1356BC644}
	EndGlobalSection
EndGlobal
